
Microsoft Visual Studio Solution File, Format Version 12.00
# Visual Studio Version 16
VisualStudioVersion = 16.0.30011.22
MinimumVisualStudioVersion = 10.0.40219.1
Project("{FAE04EC0-301F-11D3-BF4B-00C04F79EFBC}") = "University2", "University2\University2.csproj", "{F9E8F940-CB1F-4B09-815D-E34CACFD60D4}"
EndProject
Project("{00D1A9C2-B5F0-4AF3-8072-F6C62B433612}") = "Database1", "Database1\Database1.sqlproj", "{74FAC28F-3A9E-4E1B-B32A-705517AF342A}"
EndProject
Global
	GlobalSection(SolutionConfigurationPlatforms) = preSolution
		Debug|Any CPU = Debug|Any CPU
		Release|Any CPU = Release|Any CPU
	EndGlobalSection
	GlobalSection(ProjectConfigurationPlatforms) = postSolution
		{F9E8F940-CB1F-4B09-815D-E34CACFD60D4}.Debug|Any CPU.ActiveCfg = Debug|Any CPU
		{F9E8F940-CB1F-4B09-815D-E34CACFD60D4}.Debug|Any CPU.Build.0 = Debug|Any CPU
		{F9E8F940-CB1F-4B09-815D-E34CACFD60D4}.Release|Any CPU.ActiveCfg = Release|Any CPU
		{F9E8F940-CB1F-4B09-815D-E34CACFD60D4}.Release|Any CPU.Build.0 = Release|Any CPU
		{74FAC28F-3A9E-4E1B-B32A-705517AF342A}.Debug|Any CPU.ActiveCfg = Debug|Any CPU
		{74FAC28F-3A9E-4E1B-B32A-705517AF342A}.Debug|Any CPU.Build.0 = Debug|Any CPU
		{74FAC28F-3A9E-4E1B-B32A-705517AF342A}.Debug|Any CPU.Deploy.0 = Debug|Any CPU
		{74FAC28F-3A9E-4E1B-B32A-705517AF342A}.Release|Any CPU.ActiveCfg = Release|Any CPU
		{74FAC28F-3A9E-4E1B-B32A-705517AF342A}.Release|Any CPU.Build.0 = Release|Any CPU
		{74FAC28F-3A9E-4E1B-B32A-705517AF342A}.Release|Any CPU.Deploy.0 = Release|Any CPU
	EndGlobalSection
	GlobalSection(SolutionProperties) = preSolution
		HideSolutionNode = FALSE
	EndGlobalSection
	GlobalSection(ExtensibilityGlobals) = postSolution
		SolutionGuid = {ECC2EF21-4057-4132-8DA9-6C84598ACF20}
	EndGlobalSection
EndGlobal
